version = 1
revision = 3
requires-python = ">=3.12"

[[package]]
name = "gce"
version = "0.0.1"
source = { editable = "." }
dependencies = [
    { name = "pyside6-essentials" },
]

[package.metadata]
requires-dist = [{ name = "pyside6-essentials", specifier = ">=6.9.2" }]

[[package]]
name = "pyside6-essentials"
version = "6.9.2"
source = { registry = "https://pypi.org/simple" }
dependencies = [
    { name = "shiboken6" },
]
wheels = [
    { url = "https://files.pythonhosted.org/packages/08/21/41960c03721a99e7be99a96ebb8570bdfd6f76f512b5d09074365e27ce28/pyside6_essentials-6.9.2-cp39-abi3-macosx_12_0_universal2.whl", hash = "sha256:713eb8dcbb016ff10e6fca129c1bf2a0fd8cfac979e689264e0be3b332f9398e", size = 133092348, upload-time = "2025-08-26T07:43:57.231Z" },
    { url = "https://files.pythonhosted.org/packages/3e/02/e38ff18f3d2d8d3071aa6823031aad6089267aa4668181db65ce9948bfc0/pyside6_essentials-6.9.2-cp39-abi3-manylinux_2_28_x86_64.whl", hash = "sha256:84b8ca4fa56506e2848bdb4c7a0851a5e7adcb916bef9bce25ce2eeb6c7002cc", size = 96569791, upload-time = "2025-08-26T07:44:41.392Z" },
    { url = "https://files.pythonhosted.org/packages/9a/a1/1203d4db6919b42a937d9ac5ddb84b20ea42eb119f7c1ddeb77cb8fdb00c/pyside6_essentials-6.9.2-cp39-abi3-manylinux_2_39_aarch64.whl", hash = "sha256:d0f701503974bd51b408966539aa6956f3d8536e547ea8002fbfb3d77796bbc3", size = 94311809, upload-time = "2025-08-26T07:46:44.924Z" },
    { url = "https://files.pythonhosted.org/packages/a8/e3/3b3e869d3e332b6db93f6f64fac3b12f5c48b84f03f2aa50ee5c044ec0de/pyside6_essentials-6.9.2-cp39-abi3-win_amd64.whl", hash = "sha256:b2f746f795138ac63eb173f9850a6db293461a1b6ce22cf6dafac7d194a38951", size = 72624566, upload-time = "2025-08-26T07:48:04.64Z" },
    { url = "https://files.pythonhosted.org/packages/91/70/db78afc8b60b2e53f99145bde2f644cca43924a4dd869ffe664e0792730a/pyside6_essentials-6.9.2-cp39-abi3-win_arm64.whl", hash = "sha256:ecd7b5cd9e271f397fb89a6357f4ec301d8163e50869c6c557f9ccc6bed42789", size = 49561720, upload-time = "2025-08-26T07:49:43.708Z" },
]

[[package]]
name = "shiboken6"
version = "6.9.2"
source = { registry = "https://pypi.org/simple" }
wheels = [
    { url = "https://files.pythonhosted.org/packages/1a/1e/62a8757aa0aa8d5dbf876f6cb6f652a60be9852e7911b59269dd983a7fb5/shiboken6-6.9.2-cp39-abi3-macosx_12_0_universal2.whl", hash = "sha256:8bb1c4326330e53adeac98bfd9dcf57f5173a50318a180938dcc4825d9ca38da", size = 406337, upload-time = "2025-08-26T07:52:39.614Z" },
    { url = "https://files.pythonhosted.org/packages/3b/bb/72a8ed0f0542d9ea935f385b396ee6a4bbd94749c817cbf2be34e80a16d3/shiboken6-6.9.2-cp39-abi3-manylinux_2_28_x86_64.whl", hash = "sha256:3b54c0a12ea1b03b9dc5dcfb603c366e957dc75341bf7cb1cc436d0d848308ee", size = 206733, upload-time = "2025-08-26T07:52:41.768Z" },
    { url = "https://files.pythonhosted.org/packages/52/c4/09e902f5612a509cef2c8712c516e4fe44f3a1ae9fcd8921baddb5e6bae4/shiboken6-6.9.2-cp39-abi3-manylinux_2_39_aarch64.whl", hash = "sha256:a5f5985938f5acb604c23536a0ff2efb3cccb77d23da91fbaff8fd8ded3dceb4", size = 202784, upload-time = "2025-08-26T07:52:43.172Z" },
    { url = "https://files.pythonhosted.org/packages/a4/ea/a56b094a4bf6facf89f52f58e83684e168b1be08c14feb8b99969f3d4189/shiboken6-6.9.2-cp39-abi3-win_amd64.whl", hash = "sha256:68c33d565cd4732be762d19ff67dfc53763256bac413d392aa8598b524980bc4", size = 1152089, upload-time = "2025-08-26T07:52:45.162Z" },
    { url = "https://files.pythonhosted.org/packages/48/64/562a527fc55fbf41fa70dae735929988215505cb5ec0809fb0aef921d4a0/shiboken6-6.9.2-cp39-abi3-win_arm64.whl", hash = "sha256:c5b827797b3d89d9b9a3753371ff533fcd4afc4531ca51a7c696952132098054", size = 1708948, upload-time = "2025-08-26T07:52:48.016Z" },
]
